
Microsoft Visual Studio Solution File, Format Version 11.00
# Visual Studio 2010 Express for Windows Phone
Project("{FAE04EC0-301F-11D3-BF4B-00C04F79EFBC}") = "ATLS_4519_Lab5", "ATLS_4519_Lab5\ATLS_4519_Lab5\ATLS_4519_Lab5.csproj", "{41039DB8-70CD-4016-93CD-4C27A9FDEECD}"
EndProject
Project("{96E2B04D-8817-42C6-938A-82C39BA4D311}") = "ATLS_4519_Lab5Content", "ATLS_4519_Lab5\ATLS_4519_Lab5Content\ATLS_4519_Lab5Content.contentproj", "{C55E85CD-38BF-4125-9169-4882265BA6A2}"
EndProject
Global
	GlobalSection(SolutionConfigurationPlatforms) = preSolution
		Debug|x86 = Debug|x86
		Release|x86 = Release|x86
	EndGlobalSection
	GlobalSection(ProjectConfigurationPlatforms) = postSolution
		{41039DB8-70CD-4016-93CD-4C27A9FDEECD}.Debug|x86.ActiveCfg = Debug|x86
		{41039DB8-70CD-4016-93CD-4C27A9FDEECD}.Debug|x86.Build.0 = Debug|x86
		{41039DB8-70CD-4016-93CD-4C27A9FDEECD}.Release|x86.ActiveCfg = Release|x86
		{41039DB8-70CD-4016-93CD-4C27A9FDEECD}.Release|x86.Build.0 = Release|x86
		{C55E85CD-38BF-4125-9169-4882265BA6A2}.Debug|x86.ActiveCfg = Debug|x86
		{C55E85CD-38BF-4125-9169-4882265BA6A2}.Release|x86.ActiveCfg = Release|x86
	EndGlobalSection
	GlobalSection(SolutionProperties) = preSolution
		HideSolutionNode = FALSE
	EndGlobalSection
EndGlobal
